
Microsoft Visual Studio Solution File, Format Version 12.00
# Visual Studio 2013
VisualStudioVersion = 12.0.31101.0
MinimumVisualStudioVersion = 10.0.40219.1
Project("{2150E333-8FDC-42A3-9474-1A3956D46DE8}") = "Shared", "Shared", "{C5B63C4A-E512-4139-9BBE-9529FCF31098}"
EndProject
Project("{2150E333-8FDC-42A3-9474-1A3956D46DE8}") = "Roles", "Roles", "{691525FF-4F30-402A-8B74-4A47D0E4702B}"
EndProject
Project("{2150E333-8FDC-42A3-9474-1A3956D46DE8}") = "Administration", "Administration", "{B53E52F3-8586-493C-A7A6-C5E8FFCD9090}"
EndProject
Project("{2150E333-8FDC-42A3-9474-1A3956D46DE8}") = "On-Premise", "On-Premise", "{41E5E118-E497-420C-B56C-380AF3502795}"
EndProject
Project("{FAE04EC0-301F-11D3-BF4B-00C04F79EFBC}") = "Contoso.Events.Web", "Contoso.Events.Web\Contoso.Events.Web.csproj", "{273D354C-041F-45FD-B738-D117959EF34D}"
EndProject
Project("{FAE04EC0-301F-11D3-BF4B-00C04F79EFBC}") = "Contoso.Events.Models", "Contoso.Events.Models\Contoso.Events.Models.csproj", "{8E0D7C38-4ACA-437E-8091-5A4B340A848A}"
EndProject
Project("{FAE04EC0-301F-11D3-BF4B-00C04F79EFBC}") = "Contoso.Events.Data", "Contoso.Events.Data\Contoso.Events.Data.csproj", "{54891392-7B3E-4AC8-840C-FA57C4765694}"
EndProject
Project("{FAE04EC0-301F-11D3-BF4B-00C04F79EFBC}") = "Contoso.Events.ViewModels", "Contoso.Events.ViewModels\Contoso.Events.ViewModels.csproj", "{1D9C61C2-C6C2-4E3A-B68A-54CE61E980C4}"
EndProject
Project("{FAE04EC0-301F-11D3-BF4B-00C04F79EFBC}") = "Contoso.Events.Worker", "Contoso.Events.Worker\Contoso.Events.Worker.csproj", "{52BA64DA-3ECA-4F96-8DB2-9C95179853D0}"
EndProject
Project("{CC5FD16D-436D-48AD-A40C-5A424C6E3E79}") = "Contoso.Events.Cloud", "Contoso.Events.Cloud\Contoso.Events.Cloud.ccproj", "{3FD13E91-7433-4841-8D99-9D44DB98B5BD}"
EndProject
Project("{FAE04EC0-301F-11D3-BF4B-00C04F79EFBC}") = "Contoso.Events.Documents", "Contoso.Events.Documents\Contoso.Events.Documents.csproj", "{EED5CE14-2027-4E1F-93F9-FEFD56BFCD41}"
EndProject
Project("{FAE04EC0-301F-11D3-BF4B-00C04F79EFBC}") = "Contoso.Events.Data.Generation", "Contoso.Events.DataGeneration\Contoso.Events.Data.Generation.csproj", "{FB331FCD-563B-4C27-BEC8-3531D45DA6CD}"
EndProject
Project("{FAE04EC0-301F-11D3-BF4B-00C04F79EFBC}") = "Contoso.Events.Lodging", "Contoso.Events.Lodging\Contoso.Events.Lodging.csproj", "{E2D3880F-AD91-4A53-90BA-07D080B630BA}"
EndProject
Project("{FAE04EC0-301F-11D3-BF4B-00C04F79EFBC}") = "Contoso.Events.Management.Old", "Contoso.Events.Management.Old\Contoso.Events.Management.Old.csproj", "{4946DDCE-2D81-4452-82B8-7CAD9CB43712}"
EndProject
Global
	GlobalSection(TeamFoundationVersionControl) = preSolution
		SccNumberOfProjects = 10
		SccEnterpriseProvider = {4CA58AB2-18FA-4F8D-95D4-32DDF27D184C}
		SccTeamFoundationServer = https://vstf-us-wa-11.partners.extranet.microsoft.com:8443/tfs/mslearning
		SccProjectUniqueName0 = Contoso.Events.Web\\Contoso.Events.Web.csproj
		SccProjectTopLevelParentUniqueName0 = Contoso.Events.sln
		SccProjectName0 = Contoso.Events.Web
		SccAuxPath0 = https://vstf-us-wa-11.partners.extranet.microsoft.com:8443/tfs/mslearning
		SccLocalPath0 = Contoso.Events.Web
		SccProvider0 = {4CA58AB2-18FA-4F8D-95D4-32DDF27D184C}
		SccProjectUniqueName1 = Contoso.Events.Models\\Contoso.Events.Models.csproj
		SccProjectTopLevelParentUniqueName1 = Contoso.Events.sln
		SccProjectName1 = Contoso.Events.Models
		SccAuxPath1 = https://vstf-us-wa-11.partners.extranet.microsoft.com:8443/tfs/mslearning
		SccLocalPath1 = Contoso.Events.Models
		SccProvider1 = {4CA58AB2-18FA-4F8D-95D4-32DDF27D184C}
		SccProjectUniqueName2 = Contoso.Events.Data\\Contoso.Events.Data.csproj
		SccProjectTopLevelParentUniqueName2 = Contoso.Events.sln
		SccProjectName2 = Contoso.Events.Data
		SccAuxPath2 = https://vstf-us-wa-11.partners.extranet.microsoft.com:8443/tfs/mslearning
		SccLocalPath2 = Contoso.Events.Data
		SccProvider2 = {4CA58AB2-18FA-4F8D-95D4-32DDF27D184C}
		SccProjectUniqueName3 = Contoso.Events.ViewModels\\Contoso.Events.ViewModels.csproj
		SccProjectTopLevelParentUniqueName3 = Contoso.Events.sln
		SccProjectName3 = Contoso.Events.ViewModels
		SccAuxPath3 = https://vstf-us-wa-11.partners.extranet.microsoft.com:8443/tfs/mslearning
		SccLocalPath3 = Contoso.Events.ViewModels
		SccProvider3 = {4CA58AB2-18FA-4F8D-95D4-32DDF27D184C}
		SccProjectUniqueName4 = Contoso.Events.Worker\\Contoso.Events.Worker.csproj
		SccProjectTopLevelParentUniqueName4 = Contoso.Events.sln
		SccProjectName4 = Contoso.Events.Worker
		SccAuxPath4 = https://vstf-us-wa-11.partners.extranet.microsoft.com:8443/tfs/mslearning
		SccLocalPath4 = Contoso.Events.Worker
		SccProvider4 = {4CA58AB2-18FA-4F8D-95D4-32DDF27D184C}
		SccProjectUniqueName5 = Contoso.Events.Cloud\\Contoso.Events.Cloud.ccproj
		SccProjectName5 = Contoso.Events.Cloud
		SccAuxPath5 = https://vstf-us-wa-11.partners.extranet.microsoft.com:8443/tfs/mslearning
		SccLocalPath5 = Contoso.Events.Cloud
		SccProvider5 = {4CA58AB2-18FA-4F8D-95D4-32DDF27D184C}
		SccProjectUniqueName6 = Contoso.Events.Documents\\Contoso.Events.Documents.csproj
		SccProjectTopLevelParentUniqueName6 = Contoso.Events.sln
		SccProjectName6 = Contoso.Events.Documents
		SccAuxPath6 = https://vstf-us-wa-11.partners.extranet.microsoft.com:8443/tfs/mslearning
		SccLocalPath6 = Contoso.Events.Documents
		SccProvider6 = {4CA58AB2-18FA-4F8D-95D4-32DDF27D184C}
		SccProjectUniqueName7 = Contoso.Events.DataGeneration\\Contoso.Events.Data.Generation.csproj
		SccProjectTopLevelParentUniqueName7 = Contoso.Events.sln
		SccProjectName7 = Contoso.Events.DataGeneration
		SccAuxPath7 = https://vstf-us-wa-11.partners.extranet.microsoft.com:8443/tfs/mslearning
		SccLocalPath7 = Contoso.Events.DataGeneration
		SccProvider7 = {4CA58AB2-18FA-4F8D-95D4-32DDF27D184C}
		SccProjectUniqueName8 = Contoso.Events.Lodging\\Contoso.Events.Lodging.csproj
		SccProjectTopLevelParentUniqueName8 = Contoso.Events.sln
		SccProjectName8 = Contoso.Events.Lodging
		SccAuxPath8 = https://vstf-us-wa-11.partners.extranet.microsoft.com:8443/tfs/mslearning
		SccLocalPath8 = Contoso.Events.Lodging
		SccProvider8 = {4CA58AB2-18FA-4F8D-95D4-32DDF27D184C}
		SccProjectUniqueName9 = Contoso.Events.Management.Old\\Contoso.Events.Management.Old.csproj
		SccProjectTopLevelParentUniqueName9 = Contoso.Events.sln
		SccProjectName9 = Contoso.Events.Management.Old
		SccAuxPath9 = https://vstf-us-wa-11.partners.extranet.microsoft.com:8443/tfs/mslearning
		SccLocalPath9 = Contoso.Events.Management.Old
		SccProvider9 = {4CA58AB2-18FA-4F8D-95D4-32DDF27D184C}
	EndGlobalSection
	GlobalSection(SolutionConfigurationPlatforms) = preSolution
		Debug|Any CPU = Debug|Any CPU
		Debug|ARM = Debug|ARM
		Debug|x64 = Debug|x64
		Debug|x86 = Debug|x86
		Release|Any CPU = Release|Any CPU
		Release|ARM = Release|ARM
		Release|x64 = Release|x64
		Release|x86 = Release|x86
	EndGlobalSection
	GlobalSection(ProjectConfigurationPlatforms) = postSolution
		{273D354C-041F-45FD-B738-D117959EF34D}.Debug|Any CPU.ActiveCfg = Debug|Any CPU
		{273D354C-041F-45FD-B738-D117959EF34D}.Debug|Any CPU.Build.0 = Debug|Any CPU
		{273D354C-041F-45FD-B738-D117959EF34D}.Debug|ARM.ActiveCfg = Debug|Any CPU
		{273D354C-041F-45FD-B738-D117959EF34D}.Debug|x64.ActiveCfg = Debug|Any CPU
		{273D354C-041F-45FD-B738-D117959EF34D}.Debug|x86.ActiveCfg = Debug|Any CPU
		{273D354C-041F-45FD-B738-D117959EF34D}.Release|Any CPU.ActiveCfg = Release|Any CPU
		{273D354C-041F-45FD-B738-D117959EF34D}.Release|Any CPU.Build.0 = Release|Any CPU
		{273D354C-041F-45FD-B738-D117959EF34D}.Release|ARM.ActiveCfg = Release|Any CPU
		{273D354C-041F-45FD-B738-D117959EF34D}.Release|x64.ActiveCfg = Release|Any CPU
		{273D354C-041F-45FD-B738-D117959EF34D}.Release|x86.ActiveCfg = Release|Any CPU
		{8E0D7C38-4ACA-437E-8091-5A4B340A848A}.Debug|Any CPU.ActiveCfg = Debug|Any CPU
		{8E0D7C38-4ACA-437E-8091-5A4B340A848A}.Debug|Any CPU.Build.0 = Debug|Any CPU
		{8E0D7C38-4ACA-437E-8091-5A4B340A848A}.Debug|ARM.ActiveCfg = Debug|Any CPU
		{8E0D7C38-4ACA-437E-8091-5A4B340A848A}.Debug|x64.ActiveCfg = Debug|Any CPU
		{8E0D7C38-4ACA-437E-8091-5A4B340A848A}.Debug|x86.ActiveCfg = Debug|Any CPU
		{8E0D7C38-4ACA-437E-8091-5A4B340A848A}.Release|Any CPU.ActiveCfg = Release|Any CPU
		{8E0D7C38-4ACA-437E-8091-5A4B340A848A}.Release|Any CPU.Build.0 = Release|Any CPU
		{8E0D7C38-4ACA-437E-8091-5A4B340A848A}.Release|ARM.ActiveCfg = Release|Any CPU
		{8E0D7C38-4ACA-437E-8091-5A4B340A848A}.Release|x64.ActiveCfg = Release|Any CPU
		{8E0D7C38-4ACA-437E-8091-5A4B340A848A}.Release|x86.ActiveCfg = Release|Any CPU
		{54891392-7B3E-4AC8-840C-FA57C4765694}.Debug|Any CPU.ActiveCfg = Debug|Any CPU
		{54891392-7B3E-4AC8-840C-FA57C4765694}.Debug|Any CPU.Build.0 = Debug|Any CPU
		{54891392-7B3E-4AC8-840C-FA57C4765694}.Debug|ARM.ActiveCfg = Debug|Any CPU
		{54891392-7B3E-4AC8-840C-FA57C4765694}.Debug|x64.ActiveCfg = Debug|Any CPU
		{54891392-7B3E-4AC8-840C-FA57C4765694}.Debug|x86.ActiveCfg = Debug|Any CPU
		{54891392-7B3E-4AC8-840C-FA57C4765694}.Release|Any CPU.ActiveCfg = Release|Any CPU
		{54891392-7B3E-4AC8-840C-FA57C4765694}.Release|Any CPU.Build.0 = Release|Any CPU
		{54891392-7B3E-4AC8-840C-FA57C4765694}.Release|ARM.ActiveCfg = Release|Any CPU
		{54891392-7B3E-4AC8-840C-FA57C4765694}.Release|x64.ActiveCfg = Release|Any CPU
		{54891392-7B3E-4AC8-840C-FA57C4765694}.Release|x86.ActiveCfg = Release|Any CPU
		{1D9C61C2-C6C2-4E3A-B68A-54CE61E980C4}.Debug|Any CPU.ActiveCfg = Debug|Any CPU
		{1D9C61C2-C6C2-4E3A-B68A-54CE61E980C4}.Debug|Any CPU.Build.0 = Debug|Any CPU
		{1D9C61C2-C6C2-4E3A-B68A-54CE61E980C4}.Debug|ARM.ActiveCfg = Debug|Any CPU
		{1D9C61C2-C6C2-4E3A-B68A-54CE61E980C4}.Debug|x64.ActiveCfg = Debug|Any CPU
		{1D9C61C2-C6C2-4E3A-B68A-54CE61E980C4}.Debug|x86.ActiveCfg = Debug|Any CPU
		{1D9C61C2-C6C2-4E3A-B68A-54CE61E980C4}.Release|Any CPU.ActiveCfg = Release|Any CPU
		{1D9C61C2-C6C2-4E3A-B68A-54CE61E980C4}.Release|Any CPU.Build.0 = Release|Any CPU
		{1D9C61C2-C6C2-4E3A-B68A-54CE61E980C4}.Release|ARM.ActiveCfg = Release|Any CPU
		{1D9C61C2-C6C2-4E3A-B68A-54CE61E980C4}.Release|x64.ActiveCfg = Release|Any CPU
		{1D9C61C2-C6C2-4E3A-B68A-54CE61E980C4}.Release|x86.ActiveCfg = Release|Any CPU
		{52BA64DA-3ECA-4F96-8DB2-9C95179853D0}.Debug|Any CPU.ActiveCfg = Debug|Any CPU
		{52BA64DA-3ECA-4F96-8DB2-9C95179853D0}.Debug|Any CPU.Build.0 = Debug|Any CPU
		{52BA64DA-3ECA-4F96-8DB2-9C95179853D0}.Debug|ARM.ActiveCfg = Debug|Any CPU
		{52BA64DA-3ECA-4F96-8DB2-9C95179853D0}.Debug|x64.ActiveCfg = Debug|Any CPU
		{52BA64DA-3ECA-4F96-8DB2-9C95179853D0}.Debug|x86.ActiveCfg = Debug|Any CPU
		{52BA64DA-3ECA-4F96-8DB2-9C95179853D0}.Release|Any CPU.ActiveCfg = Release|Any CPU
		{52BA64DA-3ECA-4F96-8DB2-9C95179853D0}.Release|Any CPU.Build.0 = Release|Any CPU
		{52BA64DA-3ECA-4F96-8DB2-9C95179853D0}.Release|ARM.ActiveCfg = Release|Any CPU
		{52BA64DA-3ECA-4F96-8DB2-9C95179853D0}.Release|x64.ActiveCfg = Release|Any CPU
		{52BA64DA-3ECA-4F96-8DB2-9C95179853D0}.Release|x86.ActiveCfg = Release|Any CPU
		{3FD13E91-7433-4841-8D99-9D44DB98B5BD}.Debug|Any CPU.ActiveCfg = Debug|Any CPU
		{3FD13E91-7433-4841-8D99-9D44DB98B5BD}.Debug|Any CPU.Build.0 = Debug|Any CPU
		{3FD13E91-7433-4841-8D99-9D44DB98B5BD}.Debug|ARM.ActiveCfg = Debug|Any CPU
		{3FD13E91-7433-4841-8D99-9D44DB98B5BD}.Debug|x64.ActiveCfg = Debug|Any CPU
		{3FD13E91-7433-4841-8D99-9D44DB98B5BD}.Debug|x86.ActiveCfg = Debug|Any CPU
		{3FD13E91-7433-4841-8D99-9D44DB98B5BD}.Release|Any CPU.ActiveCfg = Release|Any CPU
		{3FD13E91-7433-4841-8D99-9D44DB98B5BD}.Release|Any CPU.Build.0 = Release|Any CPU
		{3FD13E91-7433-4841-8D99-9D44DB98B5BD}.Release|ARM.ActiveCfg = Release|Any CPU
		{3FD13E91-7433-4841-8D99-9D44DB98B5BD}.Release|x64.ActiveCfg = Release|Any CPU
		{3FD13E91-7433-4841-8D99-9D44DB98B5BD}.Release|x86.ActiveCfg = Release|Any CPU
		{EED5CE14-2027-4E1F-93F9-FEFD56BFCD41}.Debug|Any CPU.ActiveCfg = Debug|Any CPU
		{EED5CE14-2027-4E1F-93F9-FEFD56BFCD41}.Debug|Any CPU.Build.0 = Debug|Any CPU
		{EED5CE14-2027-4E1F-93F9-FEFD56BFCD41}.Debug|ARM.ActiveCfg = Debug|Any CPU
		{EED5CE14-2027-4E1F-93F9-FEFD56BFCD41}.Debug|x64.ActiveCfg = Debug|Any CPU
		{EED5CE14-2027-4E1F-93F9-FEFD56BFCD41}.Debug|x86.ActiveCfg = Debug|Any CPU
		{EED5CE14-2027-4E1F-93F9-FEFD56BFCD41}.Release|Any CPU.ActiveCfg = Release|Any CPU
		{EED5CE14-2027-4E1F-93F9-FEFD56BFCD41}.Release|Any CPU.Build.0 = Release|Any CPU
		{EED5CE14-2027-4E1F-93F9-FEFD56BFCD41}.Release|ARM.ActiveCfg = Release|Any CPU
		{EED5CE14-2027-4E1F-93F9-FEFD56BFCD41}.Release|x64.ActiveCfg = Release|Any CPU
		{EED5CE14-2027-4E1F-93F9-FEFD56BFCD41}.Release|x86.ActiveCfg = Release|Any CPU
		{FB331FCD-563B-4C27-BEC8-3531D45DA6CD}.Debug|Any CPU.ActiveCfg = Debug|Any CPU
		{FB331FCD-563B-4C27-BEC8-3531D45DA6CD}.Debug|Any CPU.Build.0 = Debug|Any CPU
		{FB331FCD-563B-4C27-BEC8-3531D45DA6CD}.Debug|ARM.ActiveCfg = Debug|Any CPU
		{FB331FCD-563B-4C27-BEC8-3531D45DA6CD}.Debug|x64.ActiveCfg = Debug|Any CPU
		{FB331FCD-563B-4C27-BEC8-3531D45DA6CD}.Debug|x86.ActiveCfg = Debug|Any CPU
		{FB331FCD-563B-4C27-BEC8-3531D45DA6CD}.Release|Any CPU.ActiveCfg = Release|Any CPU
		{FB331FCD-563B-4C27-BEC8-3531D45DA6CD}.Release|Any CPU.Build.0 = Release|Any CPU
		{FB331FCD-563B-4C27-BEC8-3531D45DA6CD}.Release|ARM.ActiveCfg = Release|Any CPU
		{FB331FCD-563B-4C27-BEC8-3531D45DA6CD}.Release|x64.ActiveCfg = Release|Any CPU
		{FB331FCD-563B-4C27-BEC8-3531D45DA6CD}.Release|x86.ActiveCfg = Release|Any CPU
		{E2D3880F-AD91-4A53-90BA-07D080B630BA}.Debug|Any CPU.ActiveCfg = Debug|Any CPU
		{E2D3880F-AD91-4A53-90BA-07D080B630BA}.Debug|Any CPU.Build.0 = Debug|Any CPU
		{E2D3880F-AD91-4A53-90BA-07D080B630BA}.Debug|ARM.ActiveCfg = Debug|Any CPU
		{E2D3880F-AD91-4A53-90BA-07D080B630BA}.Debug|x64.ActiveCfg = Debug|Any CPU
		{E2D3880F-AD91-4A53-90BA-07D080B630BA}.Debug|x86.ActiveCfg = Debug|Any CPU
		{E2D3880F-AD91-4A53-90BA-07D080B630BA}.Release|Any CPU.ActiveCfg = Release|Any CPU
		{E2D3880F-AD91-4A53-90BA-07D080B630BA}.Release|Any CPU.Build.0 = Release|Any CPU
		{E2D3880F-AD91-4A53-90BA-07D080B630BA}.Release|ARM.ActiveCfg = Release|Any CPU
		{E2D3880F-AD91-4A53-90BA-07D080B630BA}.Release|x64.ActiveCfg = Release|Any CPU
		{E2D3880F-AD91-4A53-90BA-07D080B630BA}.Release|x86.ActiveCfg = Release|Any CPU
		{4946DDCE-2D81-4452-82B8-7CAD9CB43712}.Debug|Any CPU.ActiveCfg = Debug|Any CPU
		{4946DDCE-2D81-4452-82B8-7CAD9CB43712}.Debug|Any CPU.Build.0 = Debug|Any CPU
		{4946DDCE-2D81-4452-82B8-7CAD9CB43712}.Debug|ARM.ActiveCfg = Debug|Any CPU
		{4946DDCE-2D81-4452-82B8-7CAD9CB43712}.Debug|x64.ActiveCfg = Debug|Any CPU
		{4946DDCE-2D81-4452-82B8-7CAD9CB43712}.Debug|x86.ActiveCfg = Debug|Any CPU
		{4946DDCE-2D81-4452-82B8-7CAD9CB43712}.Release|Any CPU.ActiveCfg = Release|Any CPU
		{4946DDCE-2D81-4452-82B8-7CAD9CB43712}.Release|Any CPU.Build.0 = Release|Any CPU
		{4946DDCE-2D81-4452-82B8-7CAD9CB43712}.Release|ARM.ActiveCfg = Release|Any CPU
		{4946DDCE-2D81-4452-82B8-7CAD9CB43712}.Release|x64.ActiveCfg = Release|Any CPU
		{4946DDCE-2D81-4452-82B8-7CAD9CB43712}.Release|x86.ActiveCfg = Release|Any CPU
	EndGlobalSection
	GlobalSection(SolutionProperties) = preSolution
		HideSolutionNode = FALSE
	EndGlobalSection
	GlobalSection(NestedProjects) = preSolution
		{273D354C-041F-45FD-B738-D117959EF34D} = {691525FF-4F30-402A-8B74-4A47D0E4702B}
		{8E0D7C38-4ACA-437E-8091-5A4B340A848A} = {C5B63C4A-E512-4139-9BBE-9529FCF31098}
		{54891392-7B3E-4AC8-840C-FA57C4765694} = {C5B63C4A-E512-4139-9BBE-9529FCF31098}
		{1D9C61C2-C6C2-4E3A-B68A-54CE61E980C4} = {C5B63C4A-E512-4139-9BBE-9529FCF31098}
		{52BA64DA-3ECA-4F96-8DB2-9C95179853D0} = {691525FF-4F30-402A-8B74-4A47D0E4702B}
		{EED5CE14-2027-4E1F-93F9-FEFD56BFCD41} = {C5B63C4A-E512-4139-9BBE-9529FCF31098}
		{FB331FCD-563B-4C27-BEC8-3531D45DA6CD} = {C5B63C4A-E512-4139-9BBE-9529FCF31098}
		{E2D3880F-AD91-4A53-90BA-07D080B630BA} = {41E5E118-E497-420C-B56C-380AF3502795}
		{4946DDCE-2D81-4452-82B8-7CAD9CB43712} = {B53E52F3-8586-493C-A7A6-C5E8FFCD9090}
	EndGlobalSection
EndGlobal
