
Microsoft Visual Studio Solution File, Format Version 12.00
# Visual Studio 2013
VisualStudioVersion = 12.0.21005.1
MinimumVisualStudioVersion = 10.0.40219.1
Project("{FAE04EC0-301F-11D3-BF4B-00C04F79EFBC}") = "Contoso.Events.Data", "Contoso.Events.Data\Contoso.Events.Data.csproj", "{54891392-7B3E-4AC8-840C-FA57C4765694}"
EndProject
Project("{FAE04EC0-301F-11D3-BF4B-00C04F79EFBC}") = "Contoso.Events.Models", "Contoso.Events.Models\Contoso.Events.Models.csproj", "{8E0D7C38-4ACA-437E-8091-5A4B340A848A}"
EndProject
Project("{FAE04EC0-301F-11D3-BF4B-00C04F79EFBC}") = "Contoso.Events.ViewModels", "Contoso.Events.ViewModels\Contoso.Events.ViewModels.csproj", "{1D9C61C2-C6C2-4E3A-B68A-54CE61E980C4}"
EndProject
Project("{2150E333-8FDC-42A3-9474-1A3956D46DE8}") = "Models", "Models", "{F5570C3B-007D-45A5-B655-280B84541211}"
EndProject
Project("{FAE04EC0-301F-11D3-BF4B-00C04F79EFBC}") = "Contoso.Events.Management", "Contoso.Events.Management\Contoso.Events.Management.csproj", "{087932BD-5F12-4E38-AB8E-BA6837113A6E}"
EndProject
Global
	GlobalSection(SolutionConfigurationPlatforms) = preSolution
		Debug|Any CPU = Debug|Any CPU
		Release|Any CPU = Release|Any CPU
	EndGlobalSection
	GlobalSection(ProjectConfigurationPlatforms) = postSolution
		{54891392-7B3E-4AC8-840C-FA57C4765694}.Debug|Any CPU.ActiveCfg = Debug|Any CPU
		{54891392-7B3E-4AC8-840C-FA57C4765694}.Debug|Any CPU.Build.0 = Debug|Any CPU
		{54891392-7B3E-4AC8-840C-FA57C4765694}.Release|Any CPU.ActiveCfg = Release|Any CPU
		{54891392-7B3E-4AC8-840C-FA57C4765694}.Release|Any CPU.Build.0 = Release|Any CPU
		{8E0D7C38-4ACA-437E-8091-5A4B340A848A}.Debug|Any CPU.ActiveCfg = Debug|Any CPU
		{8E0D7C38-4ACA-437E-8091-5A4B340A848A}.Debug|Any CPU.Build.0 = Debug|Any CPU
		{8E0D7C38-4ACA-437E-8091-5A4B340A848A}.Release|Any CPU.ActiveCfg = Release|Any CPU
		{8E0D7C38-4ACA-437E-8091-5A4B340A848A}.Release|Any CPU.Build.0 = Release|Any CPU
		{1D9C61C2-C6C2-4E3A-B68A-54CE61E980C4}.Debug|Any CPU.ActiveCfg = Debug|Any CPU
		{1D9C61C2-C6C2-4E3A-B68A-54CE61E980C4}.Debug|Any CPU.Build.0 = Debug|Any CPU
		{1D9C61C2-C6C2-4E3A-B68A-54CE61E980C4}.Release|Any CPU.ActiveCfg = Release|Any CPU
		{1D9C61C2-C6C2-4E3A-B68A-54CE61E980C4}.Release|Any CPU.Build.0 = Release|Any CPU
		{087932BD-5F12-4E38-AB8E-BA6837113A6E}.Debug|Any CPU.ActiveCfg = Debug|Any CPU
		{087932BD-5F12-4E38-AB8E-BA6837113A6E}.Debug|Any CPU.Build.0 = Debug|Any CPU
		{087932BD-5F12-4E38-AB8E-BA6837113A6E}.Release|Any CPU.ActiveCfg = Release|Any CPU
		{087932BD-5F12-4E38-AB8E-BA6837113A6E}.Release|Any CPU.Build.0 = Release|Any CPU
	EndGlobalSection
	GlobalSection(SolutionProperties) = preSolution
		HideSolutionNode = FALSE
	EndGlobalSection
	GlobalSection(NestedProjects) = preSolution
		{8E0D7C38-4ACA-437E-8091-5A4B340A848A} = {F5570C3B-007D-45A5-B655-280B84541211}
		{1D9C61C2-C6C2-4E3A-B68A-54CE61E980C4} = {F5570C3B-007D-45A5-B655-280B84541211}
		{54891392-7B3E-4AC8-840C-FA57C4765694} = {F5570C3B-007D-45A5-B655-280B84541211}
	EndGlobalSection
EndGlobal
